
Microsoft Visual Studio Solution File, Format Version 12.00
# Visual Studio Version 17
VisualStudioVersion = 17.4.33205.214
MinimumVisualStudioVersion = 10.0.40219.1
Project("{9A19103F-16F7-4668-BE54-9A1E7A4F7556}") = "projeto2.API", "projeto2\projeto2.API.csproj", "{E1CA7ECE-7D17-4052-A020-DD9941928708}"
EndProject
Global
	GlobalSection(SolutionConfigurationPlatforms) = preSolution
		Debug|Any CPU = Debug|Any CPU
		Release|Any CPU = Release|Any CPU
	EndGlobalSection
	GlobalSection(ProjectConfigurationPlatforms) = postSolution
		{E1CA7ECE-7D17-4052-A020-DD9941928708}.Debug|Any CPU.ActiveCfg = Debug|Any CPU
		{E1CA7ECE-7D17-4052-A020-DD9941928708}.Debug|Any CPU.Build.0 = Debug|Any CPU
		{E1CA7ECE-7D17-4052-A020-DD9941928708}.Release|Any CPU.ActiveCfg = Release|Any CPU
		{E1CA7ECE-7D17-4052-A020-DD9941928708}.Release|Any CPU.Build.0 = Release|Any CPU
	EndGlobalSection
	GlobalSection(SolutionProperties) = preSolution
		HideSolutionNode = FALSE
	EndGlobalSection
	GlobalSection(ExtensibilityGlobals) = postSolution
		SolutionGuid = {EC544BBD-A122-4EE0-BE6D-C17F96E4CBB5}
	EndGlobalSection
EndGlobal
